
Microsoft Visual Studio Solution File, Format Version 12.00
# Visual Studio 15
VisualStudioVersion = 15.0.26124.0
MinimumVisualStudioVersion = 15.0.26124.0
Project("{FAE04EC0-301F-11D3-BF4B-00C04F79EFBC}") = "si", "si\si.csproj", "{D28A826D-70CE-42FD-B115-92AADE8CA867}"
EndProject
Project("{FAE04EC0-301F-11D3-BF4B-00C04F79EFBC}") = "Santuryu", "Santuryu\Santuryu.csproj", "{BF6C6C0C-AA4D-468E-884C-29147C842249}"
EndProject
Project("{FAE04EC0-301F-11D3-BF4B-00C04F79EFBC}") = "Santuryu.Tests", "Santuryu.Tests\Santuryu.Tests.csproj", "{5E24EA44-F2EE-41D1-B6CD-9ADCCD9D4B18}"
EndProject
Project("{FAE04EC0-301F-11D3-BF4B-00C04F79EFBC}") = "sc", "sc\sc.csproj", "{17C7440C-E442-406D-BCA0-FAF6F0012BFF}"
EndProject
Global
	GlobalSection(SolutionConfigurationPlatforms) = preSolution
		Debug|Any CPU = Debug|Any CPU
		Debug|x64 = Debug|x64
		Debug|x86 = Debug|x86
		Release|Any CPU = Release|Any CPU
		Release|x64 = Release|x64
		Release|x86 = Release|x86
	EndGlobalSection
	GlobalSection(SolutionProperties) = preSolution
		HideSolutionNode = FALSE
	EndGlobalSection
	GlobalSection(ProjectConfigurationPlatforms) = postSolution
		{D28A826D-70CE-42FD-B115-92AADE8CA867}.Debug|Any CPU.ActiveCfg = Debug|Any CPU
		{D28A826D-70CE-42FD-B115-92AADE8CA867}.Debug|Any CPU.Build.0 = Debug|Any CPU
		{D28A826D-70CE-42FD-B115-92AADE8CA867}.Debug|x64.ActiveCfg = Debug|Any CPU
		{D28A826D-70CE-42FD-B115-92AADE8CA867}.Debug|x64.Build.0 = Debug|Any CPU
		{D28A826D-70CE-42FD-B115-92AADE8CA867}.Debug|x86.ActiveCfg = Debug|Any CPU
		{D28A826D-70CE-42FD-B115-92AADE8CA867}.Debug|x86.Build.0 = Debug|Any CPU
		{D28A826D-70CE-42FD-B115-92AADE8CA867}.Release|Any CPU.ActiveCfg = Release|Any CPU
		{D28A826D-70CE-42FD-B115-92AADE8CA867}.Release|Any CPU.Build.0 = Release|Any CPU
		{D28A826D-70CE-42FD-B115-92AADE8CA867}.Release|x64.ActiveCfg = Release|Any CPU
		{D28A826D-70CE-42FD-B115-92AADE8CA867}.Release|x64.Build.0 = Release|Any CPU
		{D28A826D-70CE-42FD-B115-92AADE8CA867}.Release|x86.ActiveCfg = Release|Any CPU
		{D28A826D-70CE-42FD-B115-92AADE8CA867}.Release|x86.Build.0 = Release|Any CPU
		{BF6C6C0C-AA4D-468E-884C-29147C842249}.Debug|Any CPU.ActiveCfg = Debug|Any CPU
		{BF6C6C0C-AA4D-468E-884C-29147C842249}.Debug|Any CPU.Build.0 = Debug|Any CPU
		{BF6C6C0C-AA4D-468E-884C-29147C842249}.Debug|x64.ActiveCfg = Debug|Any CPU
		{BF6C6C0C-AA4D-468E-884C-29147C842249}.Debug|x64.Build.0 = Debug|Any CPU
		{BF6C6C0C-AA4D-468E-884C-29147C842249}.Debug|x86.ActiveCfg = Debug|Any CPU
		{BF6C6C0C-AA4D-468E-884C-29147C842249}.Debug|x86.Build.0 = Debug|Any CPU
		{BF6C6C0C-AA4D-468E-884C-29147C842249}.Release|Any CPU.ActiveCfg = Release|Any CPU
		{BF6C6C0C-AA4D-468E-884C-29147C842249}.Release|Any CPU.Build.0 = Release|Any CPU
		{BF6C6C0C-AA4D-468E-884C-29147C842249}.Release|x64.ActiveCfg = Release|Any CPU
		{BF6C6C0C-AA4D-468E-884C-29147C842249}.Release|x64.Build.0 = Release|Any CPU
		{BF6C6C0C-AA4D-468E-884C-29147C842249}.Release|x86.ActiveCfg = Release|Any CPU
		{BF6C6C0C-AA4D-468E-884C-29147C842249}.Release|x86.Build.0 = Release|Any CPU
		{5E24EA44-F2EE-41D1-B6CD-9ADCCD9D4B18}.Debug|Any CPU.ActiveCfg = Debug|Any CPU
		{5E24EA44-F2EE-41D1-B6CD-9ADCCD9D4B18}.Debug|Any CPU.Build.0 = Debug|Any CPU
		{5E24EA44-F2EE-41D1-B6CD-9ADCCD9D4B18}.Debug|x64.ActiveCfg = Debug|Any CPU
		{5E24EA44-F2EE-41D1-B6CD-9ADCCD9D4B18}.Debug|x64.Build.0 = Debug|Any CPU
		{5E24EA44-F2EE-41D1-B6CD-9ADCCD9D4B18}.Debug|x86.ActiveCfg = Debug|Any CPU
		{5E24EA44-F2EE-41D1-B6CD-9ADCCD9D4B18}.Debug|x86.Build.0 = Debug|Any CPU
		{5E24EA44-F2EE-41D1-B6CD-9ADCCD9D4B18}.Release|Any CPU.ActiveCfg = Release|Any CPU
		{5E24EA44-F2EE-41D1-B6CD-9ADCCD9D4B18}.Release|Any CPU.Build.0 = Release|Any CPU
		{5E24EA44-F2EE-41D1-B6CD-9ADCCD9D4B18}.Release|x64.ActiveCfg = Release|Any CPU
		{5E24EA44-F2EE-41D1-B6CD-9ADCCD9D4B18}.Release|x64.Build.0 = Release|Any CPU
		{5E24EA44-F2EE-41D1-B6CD-9ADCCD9D4B18}.Release|x86.ActiveCfg = Release|Any CPU
		{5E24EA44-F2EE-41D1-B6CD-9ADCCD9D4B18}.Release|x86.Build.0 = Release|Any CPU
		{55520FCB-6287-47BE-99D7-1DAF98619AE5}.Debug|Any CPU.ActiveCfg = Debug|Any CPU
		{55520FCB-6287-47BE-99D7-1DAF98619AE5}.Debug|Any CPU.Build.0 = Debug|Any CPU
		{55520FCB-6287-47BE-99D7-1DAF98619AE5}.Debug|x64.ActiveCfg = Debug|Any CPU
		{55520FCB-6287-47BE-99D7-1DAF98619AE5}.Debug|x64.Build.0 = Debug|Any CPU
		{55520FCB-6287-47BE-99D7-1DAF98619AE5}.Debug|x86.ActiveCfg = Debug|Any CPU
		{55520FCB-6287-47BE-99D7-1DAF98619AE5}.Debug|x86.Build.0 = Debug|Any CPU
		{55520FCB-6287-47BE-99D7-1DAF98619AE5}.Release|Any CPU.ActiveCfg = Release|Any CPU
		{55520FCB-6287-47BE-99D7-1DAF98619AE5}.Release|Any CPU.Build.0 = Release|Any CPU
		{55520FCB-6287-47BE-99D7-1DAF98619AE5}.Release|x64.ActiveCfg = Release|Any CPU
		{55520FCB-6287-47BE-99D7-1DAF98619AE5}.Release|x64.Build.0 = Release|Any CPU
		{55520FCB-6287-47BE-99D7-1DAF98619AE5}.Release|x86.ActiveCfg = Release|Any CPU
		{55520FCB-6287-47BE-99D7-1DAF98619AE5}.Release|x86.Build.0 = Release|Any CPU
		{17C7440C-E442-406D-BCA0-FAF6F0012BFF}.Debug|Any CPU.ActiveCfg = Debug|Any CPU
		{17C7440C-E442-406D-BCA0-FAF6F0012BFF}.Debug|Any CPU.Build.0 = Debug|Any CPU
		{17C7440C-E442-406D-BCA0-FAF6F0012BFF}.Debug|x64.ActiveCfg = Debug|Any CPU
		{17C7440C-E442-406D-BCA0-FAF6F0012BFF}.Debug|x64.Build.0 = Debug|Any CPU
		{17C7440C-E442-406D-BCA0-FAF6F0012BFF}.Debug|x86.ActiveCfg = Debug|Any CPU
		{17C7440C-E442-406D-BCA0-FAF6F0012BFF}.Debug|x86.Build.0 = Debug|Any CPU
		{17C7440C-E442-406D-BCA0-FAF6F0012BFF}.Release|Any CPU.ActiveCfg = Release|Any CPU
		{17C7440C-E442-406D-BCA0-FAF6F0012BFF}.Release|Any CPU.Build.0 = Release|Any CPU
		{17C7440C-E442-406D-BCA0-FAF6F0012BFF}.Release|x64.ActiveCfg = Release|Any CPU
		{17C7440C-E442-406D-BCA0-FAF6F0012BFF}.Release|x64.Build.0 = Release|Any CPU
		{17C7440C-E442-406D-BCA0-FAF6F0012BFF}.Release|x86.ActiveCfg = Release|Any CPU
		{17C7440C-E442-406D-BCA0-FAF6F0012BFF}.Release|x86.Build.0 = Release|Any CPU
	EndGlobalSection
EndGlobal
